// !$*UTF8*$!
{
	archiveVersion = 1;
	classes = {
	};
	objectVersion = 46;
	objects = {

/* Begin PBXBuildFile section */
		247427871BA1F6D20058BBA9 /* GameEngine.swift in Sources */ = {isa = PBXBuildFile; fileRef = 247427861BA1F6D20058BBA9 /* GameEngine.swift */; settings = {ASSET_TAGS = (); }; };
		32A278081BA1EB9200A04934 /* AppDelegate.swift in Sources */ = {isa = PBXBuildFile; fileRef = 32A278071BA1EB9200A04934 /* AppDelegate.swift */; };
		32A2780A1BA1EB9200A04934 /* ViewController.swift in Sources */ = {isa = PBXBuildFile; fileRef = 32A278091BA1EB9200A04934 /* ViewController.swift */; };
		32A2780D1BA1EB9200A04934 /* Main.storyboard in Resources */ = {isa = PBXBuildFile; fileRef = 32A2780B1BA1EB9200A04934 /* Main.storyboard */; };
		32A2780F1BA1EB9200A04934 /* Assets.xcassets in Resources */ = {isa = PBXBuildFile; fileRef = 32A2780E1BA1EB9200A04934 /* Assets.xcassets */; };
		32A278121BA1EB9200A04934 /* LaunchScreen.storyboard in Resources */ = {isa = PBXBuildFile; fileRef = 32A278101BA1EB9200A04934 /* LaunchScreen.storyboard */; };
		32A2781D1BA1EB9300A04934 /* MorseCodeHackTests.swift in Sources */ = {isa = PBXBuildFile; fileRef = 32A2781C1BA1EB9300A04934 /* MorseCodeHackTests.swift */; };
		32A278281BA1EB9300A04934 /* MorseCodeHackUITests.swift in Sources */ = {isa = PBXBuildFile; fileRef = 32A278271BA1EB9300A04934 /* MorseCodeHackUITests.swift */; };
		32A2782D1BA1EB9300A04934 /* MorseCodeHack WatchKit App.app in Embed Watch Content */ = {isa = PBXBuildFile; fileRef = 32A2782C1BA1EB9300A04934 /* MorseCodeHack WatchKit App.app */; };
		32A278331BA1EB9300A04934 /* Interface.storyboard in Resources */ = {isa = PBXBuildFile; fileRef = 32A278311BA1EB9300A04934 /* Interface.storyboard */; };
		32A278351BA1EB9300A04934 /* Assets.xcassets in Resources */ = {isa = PBXBuildFile; fileRef = 32A278341BA1EB9300A04934 /* Assets.xcassets */; };
		32A2783C1BA1EB9300A04934 /* MorseCodeHack WatchKit Extension.appex in Embed App Extensions */ = {isa = PBXBuildFile; fileRef = 32A2783B1BA1EB9300A04934 /* MorseCodeHack WatchKit Extension.appex */; settings = {ATTRIBUTES = (RemoveHeadersOnCopy, ); }; };
		32A278431BA1EB9300A04934 /* ExtensionDelegate.swift in Sources */ = {isa = PBXBuildFile; fileRef = 32A278421BA1EB9300A04934 /* ExtensionDelegate.swift */; };
		32A278451BA1EB9300A04934 /* Assets.xcassets in Resources */ = {isa = PBXBuildFile; fileRef = 32A278441BA1EB9300A04934 /* Assets.xcassets */; };
		32A2785F1BA1F3BD00A04934 /* HomeInterfaceController.swift in Sources */ = {isa = PBXBuildFile; fileRef = 32A2785D1BA1F17B00A04934 /* HomeInterfaceController.swift */; settings = {ASSET_TAGS = (); }; };
		32A278611BA1F6D100A04934 /* GameInterfaceController.swift in Sources */ = {isa = PBXBuildFile; fileRef = 32A278601BA1F6D100A04934 /* GameInterfaceController.swift */; settings = {ASSET_TAGS = (); }; };
		32A278621BA1F8FA00A04934 /* GameEngine.swift in Sources */ = {isa = PBXBuildFile; fileRef = 247427861BA1F6D20058BBA9 /* GameEngine.swift */; settings = {ASSET_TAGS = (); }; };
		32A278641BA1FA4100A04934 /* SimpleRow.swift in Sources */ = {isa = PBXBuildFile; fileRef = 32A278631BA1FA4100A04934 /* SimpleRow.swift */; settings = {ASSET_TAGS = (); }; };
		DA267D6D1BA214E4006A25E3 /* MorseTapInterfaceController.swift in Sources */ = {isa = PBXBuildFile; fileRef = DA267D6C1BA214E4006A25E3 /* MorseTapInterfaceController.swift */; settings = {ASSET_TAGS = (); }; };
/* End PBXBuildFile section */

/* Begin PBXContainerItemProxy section */
		32A278191BA1EB9300A04934 /* PBXContainerItemProxy */ = {
			isa = PBXContainerItemProxy;
			containerPortal = 32A277FC1BA1EB9200A04934 /* Project object */;
			proxyType = 1;
			remoteGlobalIDString = 32A278031BA1EB9200A04934;
			remoteInfo = MorseCodeHack;
		};
		32A278241BA1EB9300A04934 /* PBXContainerItemProxy */ = {
			isa = PBXContainerItemProxy;
			containerPortal = 32A277FC1BA1EB9200A04934 /* Project object */;
			proxyType = 1;
			remoteGlobalIDString = 32A278031BA1EB9200A04934;
			remoteInfo = MorseCodeHack;
		};
		32A2782E1BA1EB9300A04934 /* PBXContainerItemProxy */ = {
			isa = PBXContainerItemProxy;
			containerPortal = 32A277FC1BA1EB9200A04934 /* Project object */;
			proxyType = 1;
			remoteGlobalIDString = 32A2782B1BA1EB9300A04934;
			remoteInfo = "MorseCodeHack WatchKit App";
		};
		32A2783D1BA1EB9300A04934 /* PBXContainerItemProxy */ = {
			isa = PBXContainerItemProxy;
			containerPortal = 32A277FC1BA1EB9200A04934 /* Project object */;
			proxyType = 1;
			remoteGlobalIDString = 32A2783A1BA1EB9300A04934;
			remoteInfo = "MorseCodeHack WatchKit Extension";
		};
/* End PBXContainerItemProxy section */

/* Begin PBXCopyFilesBuildPhase section */
		32A2784C1BA1EB9300A04934 /* Embed App Extensions */ = {
			isa = PBXCopyFilesBuildPhase;
			buildActionMask = 2147483647;
			dstPath = "";
			dstSubfolderSpec = 13;
			files = (
				32A2783C1BA1EB9300A04934 /* MorseCodeHack WatchKit Extension.appex in Embed App Extensions */,
			);
			name = "Embed App Extensions";
			runOnlyForDeploymentPostprocessing = 0;
		};
		32A278501BA1EB9300A04934 /* Embed Watch Content */ = {
			isa = PBXCopyFilesBuildPhase;
			buildActionMask = 2147483647;
			dstPath = "$(CONTENTS_FOLDER_PATH)/Watch";
			dstSubfolderSpec = 16;
			files = (
				32A2782D1BA1EB9300A04934 /* MorseCodeHack WatchKit App.app in Embed Watch Content */,
			);
			name = "Embed Watch Content";
			runOnlyForDeploymentPostprocessing = 0;
		};
/* End PBXCopyFilesBuildPhase section */

/* Begin PBXFileReference section */
		247427861BA1F6D20058BBA9 /* GameEngine.swift */ = {isa = PBXFileReference; fileEncoding = 4; lastKnownFileType = sourcecode.swift; path = GameEngine.swift; sourceTree = "<group>"; };
		32A278041BA1EB9200A04934 /* MorseCodeHack.app */ = {isa = PBXFileReference; explicitFileType = wrapper.application; includeInIndex = 0; path = MorseCodeHack.app; sourceTree = BUILT_PRODUCTS_DIR; };
		32A278071BA1EB9200A04934 /* AppDelegate.swift */ = {isa = PBXFileReference; lastKnownFileType = sourcecode.swift; path = AppDelegate.swift; sourceTree = "<group>"; };
		32A278091BA1EB9200A04934 /* ViewController.swift */ = {isa = PBXFileReference; lastKnownFileType = sourcecode.swift; path = ViewController.swift; sourceTree = "<group>"; };
		32A2780C1BA1EB9200A04934 /* Base */ = {isa = PBXFileReference; lastKnownFileType = file.storyboard; name = Base; path = Base.lproj/Main.storyboard; sourceTree = "<group>"; };
		32A2780E1BA1EB9200A04934 /* Assets.xcassets */ = {isa = PBXFileReference; lastKnownFileType = folder.assetcatalog; path = Assets.xcassets; sourceTree = "<group>"; };
		32A278111BA1EB9200A04934 /* Base */ = {isa = PBXFileReference; lastKnownFileType = file.storyboard; name = Base; path = Base.lproj/LaunchScreen.storyboard; sourceTree = "<group>"; };
		32A278131BA1EB9200A04934 /* Info.plist */ = {isa = PBXFileReference; lastKnownFileType = text.plist.xml; path = Info.plist; sourceTree = "<group>"; };
		32A278181BA1EB9300A04934 /* MorseCodeHackTests.xctest */ = {isa = PBXFileReference; explicitFileType = wrapper.cfbundle; includeInIndex = 0; path = MorseCodeHackTests.xctest; sourceTree = BUILT_PRODUCTS_DIR; };
		32A2781C1BA1EB9300A04934 /* MorseCodeHackTests.swift */ = {isa = PBXFileReference; lastKnownFileType = sourcecode.swift; path = MorseCodeHackTests.swift; sourceTree = "<group>"; };
		32A2781E1BA1EB9300A04934 /* Info.plist */ = {isa = PBXFileReference; lastKnownFileType = text.plist.xml; path = Info.plist; sourceTree = "<group>"; };
		32A278231BA1EB9300A04934 /* MorseCodeHackUITests.xctest */ = {isa = PBXFileReference; explicitFileType = wrapper.cfbundle; includeInIndex = 0; path = MorseCodeHackUITests.xctest; sourceTree = BUILT_PRODUCTS_DIR; };
		32A278271BA1EB9300A04934 /* MorseCodeHackUITests.swift */ = {isa = PBXFileReference; lastKnownFileType = sourcecode.swift; path = MorseCodeHackUITests.swift; sourceTree = "<group>"; };
		32A278291BA1EB9300A04934 /* Info.plist */ = {isa = PBXFileReference; lastKnownFileType = text.plist.xml; path = Info.plist; sourceTree = "<group>"; };
		32A2782C1BA1EB9300A04934 /* MorseCodeHack WatchKit App.app */ = {isa = PBXFileReference; explicitFileType = wrapper.application; includeInIndex = 0; path = "MorseCodeHack WatchKit App.app"; sourceTree = BUILT_PRODUCTS_DIR; };
		32A278321BA1EB9300A04934 /* Base */ = {isa = PBXFileReference; lastKnownFileType = file.storyboard; name = Base; path = Base.lproj/Interface.storyboard; sourceTree = "<group>"; };
		32A278341BA1EB9300A04934 /* Assets.xcassets */ = {isa = PBXFileReference; lastKnownFileType = folder.assetcatalog; path = Assets.xcassets; sourceTree = "<group>"; };
		32A278361BA1EB9300A04934 /* Info.plist */ = {isa = PBXFileReference; lastKnownFileType = text.plist.xml; path = Info.plist; sourceTree = "<group>"; };
		32A2783B1BA1EB9300A04934 /* MorseCodeHack WatchKit Extension.appex */ = {isa = PBXFileReference; explicitFileType = "wrapper.app-extension"; includeInIndex = 0; path = "MorseCodeHack WatchKit Extension.appex"; sourceTree = BUILT_PRODUCTS_DIR; };
		32A278421BA1EB9300A04934 /* ExtensionDelegate.swift */ = {isa = PBXFileReference; lastKnownFileType = sourcecode.swift; path = ExtensionDelegate.swift; sourceTree = "<group>"; };
		32A278441BA1EB9300A04934 /* Assets.xcassets */ = {isa = PBXFileReference; lastKnownFileType = folder.assetcatalog; path = Assets.xcassets; sourceTree = "<group>"; };
		32A278461BA1EB9300A04934 /* Info.plist */ = {isa = PBXFileReference; lastKnownFileType = text.plist.xml; path = Info.plist; sourceTree = "<group>"; };
		32A2785D1BA1F17B00A04934 /* HomeInterfaceController.swift */ = {isa = PBXFileReference; fileEncoding = 4; lastKnownFileType = sourcecode.swift; name = HomeInterfaceController.swift; path = "../MorseCodeHack WatchKit App/HomeInterfaceController.swift"; sourceTree = "<group>"; };
		32A278601BA1F6D100A04934 /* GameInterfaceController.swift */ = {isa = PBXFileReference; fileEncoding = 4; lastKnownFileType = sourcecode.swift; path = GameInterfaceController.swift; sourceTree = "<group>"; };
		32A278631BA1FA4100A04934 /* SimpleRow.swift */ = {isa = PBXFileReference; fileEncoding = 4; lastKnownFileType = sourcecode.swift; path = SimpleRow.swift; sourceTree = "<group>"; };
		DA267D6C1BA214E4006A25E3 /* MorseTapInterfaceController.swift */ = {isa = PBXFileReference; fileEncoding = 4; lastKnownFileType = sourcecode.swift; path = MorseTapInterfaceController.swift; sourceTree = "<group>"; };
/* End PBXFileReference section */

/* Begin PBXFrameworksBuildPhase section */
		32A278011BA1EB9200A04934 /* Frameworks */ = {
			isa = PBXFrameworksBuildPhase;
			buildActionMask = 2147483647;
			files = (
			);
			runOnlyForDeploymentPostprocessing = 0;
		};
		32A278151BA1EB9300A04934 /* Frameworks */ = {
			isa = PBXFrameworksBuildPhase;
			buildActionMask = 2147483647;
			files = (
			);
			runOnlyForDeploymentPostprocessing = 0;
		};
		32A278201BA1EB9300A04934 /* Frameworks */ = {
			isa = PBXFrameworksBuildPhase;
			buildActionMask = 2147483647;
			files = (
			);
			runOnlyForDeploymentPostprocessing = 0;
		};
		32A278381BA1EB9300A04934 /* Frameworks */ = {
			isa = PBXFrameworksBuildPhase;
			buildActionMask = 2147483647;
			files = (
			);
			runOnlyForDeploymentPostprocessing = 0;
		};
/* End PBXFrameworksBuildPhase section */

/* Begin PBXGroup section */
		32A277FB1BA1EB9200A04934 = {
			isa = PBXGroup;
			children = (
				32A278061BA1EB9200A04934 /* MorseCodeHack */,
				32A2781B1BA1EB9300A04934 /* MorseCodeHackTests */,
				32A278261BA1EB9300A04934 /* MorseCodeHackUITests */,
				32A278301BA1EB9300A04934 /* MorseCodeHack WatchKit App */,
				32A2783F1BA1EB9300A04934 /* MorseCodeHack WatchKit Extension */,
				32A278051BA1EB9200A04934 /* Products */,
			);
			sourceTree = "<group>";
		};
		32A278051BA1EB9200A04934 /* Products */ = {
			isa = PBXGroup;
			children = (
				32A278041BA1EB9200A04934 /* MorseCodeHack.app */,
				32A278181BA1EB9300A04934 /* MorseCodeHackTests.xctest */,
				32A278231BA1EB9300A04934 /* MorseCodeHackUITests.xctest */,
				32A2782C1BA1EB9300A04934 /* MorseCodeHack WatchKit App.app */,
				32A2783B1BA1EB9300A04934 /* MorseCodeHack WatchKit Extension.appex */,
			);
			name = Products;
			sourceTree = "<group>";
		};
		32A278061BA1EB9200A04934 /* MorseCodeHack */ = {
			isa = PBXGroup;
			children = (
				32A278071BA1EB9200A04934 /* AppDelegate.swift */,
				32A278091BA1EB9200A04934 /* ViewController.swift */,
				32A2780B1BA1EB9200A04934 /* Main.storyboard */,
				32A2780E1BA1EB9200A04934 /* Assets.xcassets */,
				247427861BA1F6D20058BBA9 /* GameEngine.swift */,
				32A278101BA1EB9200A04934 /* LaunchScreen.storyboard */,
				32A278131BA1EB9200A04934 /* Info.plist */,
			);
			path = MorseCodeHack;
			sourceTree = "<group>";
		};
		32A2781B1BA1EB9300A04934 /* MorseCodeHackTests */ = {
			isa = PBXGroup;
			children = (
				32A2781C1BA1EB9300A04934 /* MorseCodeHackTests.swift */,
				32A2781E1BA1EB9300A04934 /* Info.plist */,
			);
			path = MorseCodeHackTests;
			sourceTree = "<group>";
		};
		32A278261BA1EB9300A04934 /* MorseCodeHackUITests */ = {
			isa = PBXGroup;
			children = (
				32A278271BA1EB9300A04934 /* MorseCodeHackUITests.swift */,
				32A278291BA1EB9300A04934 /* Info.plist */,
			);
			path = MorseCodeHackUITests;
			sourceTree = "<group>";
		};
		32A278301BA1EB9300A04934 /* MorseCodeHack WatchKit App */ = {
			isa = PBXGroup;
			children = (
				32A2785B1BA1F09F00A04934 /* MorseCode */,
				32A2785A1BA1F09700A04934 /* GameEngine */,
				32A278311BA1EB9300A04934 /* Interface.storyboard */,
				32A278341BA1EB9300A04934 /* Assets.xcassets */,
				32A278361BA1EB9300A04934 /* Info.plist */,
			);
			path = "MorseCodeHack WatchKit App";
			sourceTree = "<group>";
		};
		32A2783F1BA1EB9300A04934 /* MorseCodeHack WatchKit Extension */ = {
			isa = PBXGroup;
			children = (
				32A278421BA1EB9300A04934 /* ExtensionDelegate.swift */,
				32A2785D1BA1F17B00A04934 /* HomeInterfaceController.swift */,
				DA267D6C1BA214E4006A25E3 /* MorseTapInterfaceController.swift */,
				32A278601BA1F6D100A04934 /* GameInterfaceController.swift */,
				32A278441BA1EB9300A04934 /* Assets.xcassets */,
				32A278461BA1EB9300A04934 /* Info.plist */,
				32A278631BA1FA4100A04934 /* SimpleRow.swift */,
			);
			path = "MorseCodeHack WatchKit Extension";
			sourceTree = "<group>";
		};
		32A2785A1BA1F09700A04934 /* GameEngine */ = {
			isa = PBXGroup;
			children = (
			);
			name = GameEngine;
			sourceTree = "<group>";
		};
		32A2785B1BA1F09F00A04934 /* MorseCode */ = {
			isa = PBXGroup;
			children = (
			);
			name = MorseCode;
			sourceTree = "<group>";
		};
/* End PBXGroup section */

/* Begin PBXNativeTarget section */
		32A278031BA1EB9200A04934 /* MorseCodeHack */ = {
			isa = PBXNativeTarget;
			buildConfigurationList = 32A278511BA1EB9300A04934 /* Build configuration list for PBXNativeTarget "MorseCodeHack" */;
			buildPhases = (
				32A278001BA1EB9200A04934 /* Sources */,
				32A278011BA1EB9200A04934 /* Frameworks */,
				32A278021BA1EB9200A04934 /* Resources */,
				32A278501BA1EB9300A04934 /* Embed Watch Content */,
			);
			buildRules = (
			);
			dependencies = (
				32A2782F1BA1EB9300A04934 /* PBXTargetDependency */,
			);
			name = MorseCodeHack;
			productName = MorseCodeHack;
			productReference = 32A278041BA1EB9200A04934 /* MorseCodeHack.app */;
			productType = "com.apple.product-type.application";
		};
		32A278171BA1EB9300A04934 /* MorseCodeHackTests */ = {
			isa = PBXNativeTarget;
			buildConfigurationList = 32A278541BA1EB9300A04934 /* Build configuration list for PBXNativeTarget "MorseCodeHackTests" */;
			buildPhases = (
				32A278141BA1EB9300A04934 /* Sources */,
				32A278151BA1EB9300A04934 /* Frameworks */,
				32A278161BA1EB9300A04934 /* Resources */,
			);
			buildRules = (
			);
			dependencies = (
				32A2781A1BA1EB9300A04934 /* PBXTargetDependency */,
			);
			name = MorseCodeHackTests;
			productName = MorseCodeHackTests;
			productReference = 32A278181BA1EB9300A04934 /* MorseCodeHackTests.xctest */;
			productType = "com.apple.product-type.bundle.unit-test";
		};
		32A278221BA1EB9300A04934 /* MorseCodeHackUITests */ = {
			isa = PBXNativeTarget;
			buildConfigurationList = 32A278571BA1EB9300A04934 /* Build configuration list for PBXNativeTarget "MorseCodeHackUITests" */;
			buildPhases = (
				32A2781F1BA1EB9300A04934 /* Sources */,
				32A278201BA1EB9300A04934 /* Frameworks */,
				32A278211BA1EB9300A04934 /* Resources */,
			);
			buildRules = (
			);
			dependencies = (
				32A278251BA1EB9300A04934 /* PBXTargetDependency */,
			);
			name = MorseCodeHackUITests;
			productName = MorseCodeHackUITests;
			productReference = 32A278231BA1EB9300A04934 /* MorseCodeHackUITests.xctest */;
			productType = "com.apple.product-type.bundle.ui-testing";
		};
		32A2782B1BA1EB9300A04934 /* MorseCodeHack WatchKit App */ = {
			isa = PBXNativeTarget;
			buildConfigurationList = 32A2784D1BA1EB9300A04934 /* Build configuration list for PBXNativeTarget "MorseCodeHack WatchKit App" */;
			buildPhases = (
				32A2782A1BA1EB9300A04934 /* Resources */,
				32A2784C1BA1EB9300A04934 /* Embed App Extensions */,
			);
			buildRules = (
			);
			dependencies = (
				32A2783E1BA1EB9300A04934 /* PBXTargetDependency */,
			);
			name = "MorseCodeHack WatchKit App";
			productName = "MorseCodeHack WatchKit App";
			productReference = 32A2782C1BA1EB9300A04934 /* MorseCodeHack WatchKit App.app */;
			productType = "com.apple.product-type.application.watchapp2";
		};
		32A2783A1BA1EB9300A04934 /* MorseCodeHack WatchKit Extension */ = {
			isa = PBXNativeTarget;
			buildConfigurationList = 32A278491BA1EB9300A04934 /* Build configuration list for PBXNativeTarget "MorseCodeHack WatchKit Extension" */;
			buildPhases = (
				32A278371BA1EB9300A04934 /* Sources */,
				32A278381BA1EB9300A04934 /* Frameworks */,
				32A278391BA1EB9300A04934 /* Resources */,
			);
			buildRules = (
			);
			dependencies = (
			);
			name = "MorseCodeHack WatchKit Extension";
			productName = "MorseCodeHack WatchKit Extension";
			productReference = 32A2783B1BA1EB9300A04934 /* MorseCodeHack WatchKit Extension.appex */;
			productType = "com.apple.product-type.watchkit2-extension";
		};
/* End PBXNativeTarget section */

/* Begin PBXProject section */
		32A277FC1BA1EB9200A04934 /* Project object */ = {
			isa = PBXProject;
			attributes = {
				LastSwiftUpdateCheck = 0700;
				LastUpgradeCheck = 0700;
				ORGANIZATIONNAME = iOSDevUK;
				TargetAttributes = {
					32A278031BA1EB9200A04934 = {
						CreatedOnToolsVersion = 7.0;
					};
					32A278171BA1EB9300A04934 = {
						CreatedOnToolsVersion = 7.0;
						TestTargetID = 32A278031BA1EB9200A04934;
					};
					32A278221BA1EB9300A04934 = {
						CreatedOnToolsVersion = 7.0;
						TestTargetID = 32A278031BA1EB9200A04934;
					};
					32A2782B1BA1EB9300A04934 = {
						CreatedOnToolsVersion = 7.0;
					};
					32A2783A1BA1EB9300A04934 = {
						CreatedOnToolsVersion = 7.0;
					};
				};
			};
			buildConfigurationList = 32A277FF1BA1EB9200A04934 /* Build configuration list for PBXProject "MorseCodeHack" */;
			compatibilityVersion = "Xcode 3.2";
			developmentRegion = English;
			hasScannedForEncodings = 0;
			knownRegions = (
				en,
				Base,
			);
			mainGroup = 32A277FB1BA1EB9200A04934;
			productRefGroup = 32A278051BA1EB9200A04934 /* Products */;
			projectDirPath = "";
			projectRoot = "";
			targets = (
				32A278031BA1EB9200A04934 /* MorseCodeHack */,
				32A278171BA1EB9300A04934 /* MorseCodeHackTests */,
				32A278221BA1EB9300A04934 /* MorseCodeHackUITests */,
				32A2782B1BA1EB9300A04934 /* MorseCodeHack WatchKit App */,
				32A2783A1BA1EB9300A04934 /* MorseCodeHack WatchKit Extension */,
			);
		};
/* End PBXProject section */

/* Begin PBXResourcesBuildPhase section */
		32A278021BA1EB9200A04934 /* Resources */ = {
			isa = PBXResourcesBuildPhase;
			buildActionMask = 2147483647;
			files = (
				32A278121BA1EB9200A04934 /* LaunchScreen.storyboard in Resources */,
				32A2780F1BA1EB9200A04934 /* Assets.xcassets in Resources */,
				32A2780D1BA1EB9200A04934 /* Main.storyboard in Resources */,
			);
			runOnlyForDeploymentPostprocessing = 0;
		};
		32A278161BA1EB9300A04934 /* Resources */ = {
			isa = PBXResourcesBuildPhase;
			buildActionMask = 2147483647;
			files = (
			);
			runOnlyForDeploymentPostprocessing = 0;
		};
		32A278211BA1EB9300A04934 /* Resources */ = {
			isa = PBXResourcesBuildPhase;
			buildActionMask = 2147483647;
			files = (
			);
			runOnlyForDeploymentPostprocessing = 0;
		};
		32A2782A1BA1EB9300A04934 /* Resources */ = {
			isa = PBXResourcesBuildPhase;
			buildActionMask = 2147483647;
			files = (
				32A278351BA1EB9300A04934 /* Assets.xcassets in Resources */,
				32A278331BA1EB9300A04934 /* Interface.storyboard in Resources */,
			);
			runOnlyForDeploymentPostprocessing = 0;
		};
		32A278391BA1EB9300A04934 /* Resources */ = {
			isa = PBXResourcesBuildPhase;
			buildActionMask = 2147483647;
			files = (
				32A278451BA1EB9300A04934 /* Assets.xcassets in Resources */,
			);
			runOnlyForDeploymentPostprocessing = 0;
		};
/* End PBXResourcesBuildPhase section */

/* Begin PBXSourcesBuildPhase section */
		32A278001BA1EB9200A04934 /* Sources */ = {
			isa = PBXSourcesBuildPhase;
			buildActionMask = 2147483647;
			files = (
				32A2780A1BA1EB9200A04934 /* ViewController.swift in Sources */,
				247427871BA1F6D20058BBA9 /* GameEngine.swift in Sources */,
				32A278081BA1EB9200A04934 /* AppDelegate.swift in Sources */,
			);
			runOnlyForDeploymentPostprocessing = 0;
		};
		32A278141BA1EB9300A04934 /* Sources */ = {
			isa = PBXSourcesBuildPhase;
			buildActionMask = 2147483647;
			files = (
				32A2781D1BA1EB9300A04934 /* MorseCodeHackTests.swift in Sources */,
			);
			runOnlyForDeploymentPostprocessing = 0;
		};
		32A2781F1BA1EB9300A04934 /* Sources */ = {
			isa = PBXSourcesBuildPhase;
			buildActionMask = 2147483647;
			files = (
				32A278281BA1EB9300A04934 /* MorseCodeHackUITests.swift in Sources */,
			);
			runOnlyForDeploymentPostprocessing = 0;
		};
		32A278371BA1EB9300A04934 /* Sources */ = {
			isa = PBXSourcesBuildPhase;
			buildActionMask = 2147483647;
			files = (
				DA267D6D1BA214E4006A25E3 /* MorseTapInterfaceController.swift in Sources */,
				32A278431BA1EB9300A04934 /* ExtensionDelegate.swift in Sources */,
				32A2785F1BA1F3BD00A04934 /* HomeInterfaceController.swift in Sources */,
				32A278611BA1F6D100A04934 /* GameInterfaceController.swift in Sources */,
				32A278621BA1F8FA00A04934 /* GameEngine.swift in Sources */,
				32A278641BA1FA4100A04934 /* SimpleRow.swift in Sources */,
			);
			runOnlyForDeploymentPostprocessing = 0;
		};
/* End PBXSourcesBuildPhase section */

/* Begin PBXTargetDependency section */
		32A2781A1BA1EB9300A04934 /* PBXTargetDependency */ = {
			isa = PBXTargetDependency;
			target = 32A278031BA1EB9200A04934 /* MorseCodeHack */;
			targetProxy = 32A278191BA1EB9300A04934 /* PBXContainerItemProxy */;
		};
		32A278251BA1EB9300A04934 /* PBXTargetDependency */ = {
			isa = PBXTargetDependency;
			target = 32A278031BA1EB9200A04934 /* MorseCodeHack */;
			targetProxy = 32A278241BA1EB9300A04934 /* PBXContainerItemProxy */;
		};
		32A2782F1BA1EB9300A04934 /* PBXTargetDependency */ = {
			isa = PBXTargetDependency;
			target = 32A2782B1BA1EB9300A04934 /* MorseCodeHack WatchKit App */;
			targetProxy = 32A2782E1BA1EB9300A04934 /* PBXContainerItemProxy */;
		};
		32A2783E1BA1EB9300A04934 /* PBXTargetDependency */ = {
			isa = PBXTargetDependency;
			target = 32A2783A1BA1EB9300A04934 /* MorseCodeHack WatchKit Extension */;
			targetProxy = 32A2783D1BA1EB9300A04934 /* PBXContainerItemProxy */;
		};
/* End PBXTargetDependency section */

/* Begin PBXVariantGroup section */
		32A2780B1BA1EB9200A04934 /* Main.storyboard */ = {
			isa = PBXVariantGroup;
			children = (
				32A2780C1BA1EB9200A04934 /* Base */,
			);
			name = Main.storyboard;
			sourceTree = "<group>";
		};
		32A278101BA1EB9200A04934 /* LaunchScreen.storyboard */ = {
			isa = PBXVariantGroup;
			children = (
				32A278111BA1EB9200A04934 /* Base */,
			);
			name = LaunchScreen.storyboard;
			sourceTree = "<group>";
		};
		32A278311BA1EB9300A04934 /* Interface.storyboard */ = {
			isa = PBXVariantGroup;
			children = (
				32A278321BA1EB9300A04934 /* Base */,
			);
			name = Interface.storyboard;
			sourceTree = "<group>";
		};
/* End PBXVariantGroup section */

/* Begin XCBuildConfiguration section */
		32A278471BA1EB9300A04934 /* Debug */ = {
			isa = XCBuildConfiguration;
			buildSettings = {
				ALWAYS_SEARCH_USER_PATHS = NO;
				CLANG_CXX_LANGUAGE_STANDARD = "gnu++0x";
				CLANG_CXX_LIBRARY = "libc++";
				CLANG_ENABLE_MODULES = YES;
				CLANG_ENABLE_OBJC_ARC = YES;
				CLANG_WARN_BOOL_CONVERSION = YES;
				CLANG_WARN_CONSTANT_CONVERSION = YES;
				CLANG_WARN_DIRECT_OBJC_ISA_USAGE = YES_ERROR;
				CLANG_WARN_EMPTY_BODY = YES;
				CLANG_WARN_ENUM_CONVERSION = YES;
				CLANG_WARN_INT_CONVERSION = YES;
				CLANG_WARN_OBJC_ROOT_CLASS = YES_ERROR;
				CLANG_WARN_UNREACHABLE_CODE = YES;
				CLANG_WARN__DUPLICATE_METHOD_MATCH = YES;
				"CODE_SIGN_IDENTITY[sdk=iphoneos*]" = "iPhone Developer";
				COPY_PHASE_STRIP = NO;
				DEBUG_INFORMATION_FORMAT = dwarf;
				ENABLE_STRICT_OBJC_MSGSEND = YES;
				ENABLE_TESTABILITY = YES;
				GCC_C_LANGUAGE_STANDARD = gnu99;
				GCC_DYNAMIC_NO_PIC = NO;
				GCC_NO_COMMON_BLOCKS = YES;
				GCC_OPTIMIZATION_LEVEL = 0;
				GCC_PREPROCESSOR_DEFINITIONS = (
					"DEBUG=1",
					"$(inherited)",
				);
				GCC_WARN_64_TO_32_BIT_CONVERSION = YES;
				GCC_WARN_ABOUT_RETURN_TYPE = YES_ERROR;
				GCC_WARN_UNDECLARED_SELECTOR = YES;
				GCC_WARN_UNINITIALIZED_AUTOS = YES_AGGRESSIVE;
				GCC_WARN_UNUSED_FUNCTION = YES;
				GCC_WARN_UNUSED_VARIABLE = YES;
				IPHONEOS_DEPLOYMENT_TARGET = 9.0;
				MTL_ENABLE_DEBUG_INFO = YES;
				ONLY_ACTIVE_ARCH = YES;
				SDKROOT = iphoneos;
				SWIFT_OPTIMIZATION_LEVEL = "-Onone";
				TARGETED_DEVICE_FAMILY = "1,2";
			};
			name = Debug;
		};
		32A278481BA1EB9300A04934 /* Release */ = {
			isa = XCBuildConfiguration;
			buildSettings = {
				ALWAYS_SEARCH_USER_PATHS = NO;
				CLANG_CXX_LANGUAGE_STANDARD = "gnu++0x";
				CLANG_CXX_LIBRARY = "libc++";
				CLANG_ENABLE_MODULES = YES;
				CLANG_ENABLE_OBJC_ARC = YES;
				CLANG_WARN_BOOL_CONVERSION = YES;
				CLANG_WARN_CONSTANT_CONVERSION = YES;
				CLANG_WARN_DIRECT_OBJC_ISA_USAGE = YES_ERROR;
				CLANG_WARN_EMPTY_BODY = YES;
				CLANG_WARN_ENUM_CONVERSION = YES;
				CLANG_WARN_INT_CONVERSION = YES;
				CLANG_WARN_OBJC_ROOT_CLASS = YES_ERROR;
				CLANG_WARN_UNREACHABLE_CODE = YES;
				CLANG_WARN__DUPLICATE_METHOD_MATCH = YES;
				"CODE_SIGN_IDENTITY[sdk=iphoneos*]" = "iPhone Developer";
				COPY_PHASE_STRIP = NO;
				DEBUG_INFORMATION_FORMAT = "dwarf-with-dsym";
				ENABLE_NS_ASSERTIONS = NO;
				ENABLE_STRICT_OBJC_MSGSEND = YES;
				GCC_C_LANGUAGE_STANDARD = gnu99;
				GCC_NO_COMMON_BLOCKS = YES;
				GCC_WARN_64_TO_32_BIT_CONVERSION = YES;
				GCC_WARN_ABOUT_RETURN_TYPE = YES_ERROR;
				GCC_WARN_UNDECLARED_SELECTOR = YES;
				GCC_WARN_UNINITIALIZED_AUTOS = YES_AGGRESSIVE;
				GCC_WARN_UNUSED_FUNCTION = YES;
				GCC_WARN_UNUSED_VARIABLE = YES;
				IPHONEOS_DEPLOYMENT_TARGET = 9.0;
				MTL_ENABLE_DEBUG_INFO = NO;
				SDKROOT = iphoneos;
				TARGETED_DEVICE_FAMILY = "1,2";
				VALIDATE_PRODUCT = YES;
			};
			name = Release;
		};
		32A2784A1BA1EB9300A04934 /* Debug */ = {
			isa = XCBuildConfiguration;
			buildSettings = {
				INFOPLIST_FILE = "MorseCodeHack WatchKit Extension/Info.plist";
				LD_RUNPATH_SEARCH_PATHS = "$(inherited) @executable_path/Frameworks @executable_path/../../Frameworks";
				PRODUCT_BUNDLE_IDENTIFIER = MCH.MorseCodeHack.watchkitapp.watchkitextension;
				PRODUCT_NAME = "${TARGET_NAME}";
				SDKROOT = watchos;
				SKIP_INSTALL = YES;
				TARGETED_DEVICE_FAMILY = 4;
				WATCHOS_DEPLOYMENT_TARGET = 2.0;
			};
			name = Debug;
		};
		32A2784B1BA1EB9300A04934 /* Release */ = {
			isa = XCBuildConfiguration;
			buildSettings = {
				INFOPLIST_FILE = "MorseCodeHack WatchKit Extension/Info.plist";
				LD_RUNPATH_SEARCH_PATHS = "$(inherited) @executable_path/Frameworks @executable_path/../../Frameworks";
				PRODUCT_BUNDLE_IDENTIFIER = MCH.MorseCodeHack.watchkitapp.watchkitextension;
				PRODUCT_NAME = "${TARGET_NAME}";
				SDKROOT = watchos;
				SKIP_INSTALL = YES;
				TARGETED_DEVICE_FAMILY = 4;
				WATCHOS_DEPLOYMENT_TARGET = 2.0;
			};
			name = Release;
		};
		32A2784E1BA1EB9300A04934 /* Debug */ = {
			isa = XCBuildConfiguration;
			buildSettings = {
				ASSETCATALOG_COMPILER_APPICON_NAME = AppIcon;
				CLANG_ENABLE_MODULES = YES;
				EMBEDDED_CONTENT_CONTAINS_SWIFT = YES;
				IBSC_MODULE = MorseCodeHack_WatchKit_Extension;
				INFOPLIST_FILE = "MorseCodeHack WatchKit App/Info.plist";
				LD_RUNPATH_SEARCH_PATHS = "$(inherited) @executable_path/../Frameworks @loader_path/../Frameworks";
				PRODUCT_BUNDLE_IDENTIFIER = MCH.MorseCodeHack.watchkitapp;
				PRODUCT_NAME = "$(TARGET_NAME)";
				SDKROOT = watchos;
				SKIP_INSTALL = YES;
				SWIFT_OPTIMIZATION_LEVEL = "-Onone";
				TARGETED_DEVICE_FAMILY = 4;
				WATCHOS_DEPLOYMENT_TARGET = 2.0;
			};
			name = Debug;
		};
		32A2784F1BA1EB9300A04934 /* Release */ = {
			isa = XCBuildConfiguration;
			buildSettings = {
				ASSETCATALOG_COMPILER_APPICON_NAME = AppIcon;
				CLANG_ENABLE_MODULES = YES;
				EMBEDDED_CONTENT_CONTAINS_SWIFT = YES;
				IBSC_MODULE = MorseCodeHack_WatchKit_Extension;
				INFOPLIST_FILE = "MorseCodeHack WatchKit App/Info.plist";
				LD_RUNPATH_SEARCH_PATHS = "$(inherited) @executable_path/../Frameworks @loader_path/../Frameworks";
				PRODUCT_BUNDLE_IDENTIFIER = MCH.MorseCodeHack.watchkitapp;
				PRODUCT_NAME = "$(TARGET_NAME)";
				SDKROOT = watchos;
				SKIP_INSTALL = YES;
				TARGETED_DEVICE_FAMILY = 4;
				WATCHOS_DEPLOYMENT_TARGET = 2.0;
			};
			name = Release;
		};
		32A278521BA1EB9300A04934 /* Debug */ = {
			isa = XCBuildConfiguration;
			buildSettings = {
				ASSETCATALOG_COMPILER_APPICON_NAME = AppIcon;
				INFOPLIST_FILE = MorseCodeHack/Info.plist;
				LD_RUNPATH_SEARCH_PATHS = "$(inherited) @executable_path/Frameworks";
				PRODUCT_BUNDLE_IDENTIFIER = MCH.MorseCodeHack;
				PRODUCT_NAME = "$(TARGET_NAME)";
			};
			name = Debug;
		};
		32A278531BA1EB9300A04934 /* Release */ = {
			isa = XCBuildConfiguration;
			buildSettings = {
				ASSETCATALOG_COMPILER_APPICON_NAME = AppIcon;
				INFOPLIST_FILE = MorseCodeHack/Info.plist;
				LD_RUNPATH_SEARCH_PATHS = "$(inherited) @executable_path/Frameworks";
				PRODUCT_BUNDLE_IDENTIFIER = MCH.MorseCodeHack;
				PRODUCT_NAME = "$(TARGET_NAME)";
			};
			name = Release;
		};
		32A278551BA1EB9300A04934 /* Debug */ = {
			isa = XCBuildConfiguration;
			buildSettings = {
				BUNDLE_LOADER = "$(TEST_HOST)";
				INFOPLIST_FILE = MorseCodeHackTests/Info.plist;
				LD_RUNPATH_SEARCH_PATHS = "$(inherited) @executable_path/Frameworks @loader_path/Frameworks";
				PRODUCT_BUNDLE_IDENTIFIER = MCH.MorseCodeHackTests;
				PRODUCT_NAME = "$(TARGET_NAME)";
				TEST_HOST = "$(BUILT_PRODUCTS_DIR)/MorseCodeHack.app/MorseCodeHack";
			};
			name = Debug;
		};
		32A278561BA1EB9300A04934 /* Release */ = {
			isa = XCBuildConfiguration;
			buildSettings = {
				BUNDLE_LOADER = "$(TEST_HOST)";
				INFOPLIST_FILE = MorseCodeHackTests/Info.plist;
				LD_RUNPATH_SEARCH_PATHS = "$(inherited) @executable_path/Frameworks @loader_path/Frameworks";
				PRODUCT_BUNDLE_IDENTIFIER = MCH.MorseCodeHackTests;
				PRODUCT_NAME = "$(TARGET_NAME)";
				TEST_HOST = "$(BUILT_PRODUCTS_DIR)/MorseCodeHack.app/MorseCodeHack";
			};
			name = Release;
		};
		32A278581BA1EB9300A04934 /* Debug */ = {
			isa = XCBuildConfiguration;
			buildSettings = {
				INFOPLIST_FILE = MorseCodeHackUITests/Info.plist;
				LD_RUNPATH_SEARCH_PATHS = "$(inherited) @executable_path/Frameworks @loader_path/Frameworks";
				PRODUCT_BUNDLE_IDENTIFIER = MCH.MorseCodeHackUITests;
				PRODUCT_NAME = "$(TARGET_NAME)";
				TEST_TARGET_NAME = MorseCodeHack;
				USES_XCTRUNNER = YES;
			};
			name = Debug;
		};
		32A278591BA1EB9300A04934 /* Release */ = {
			isa = XCBuildConfiguration;
			buildSettings = {
				INFOPLIST_FILE = MorseCodeHackUITests/Info.plist;
				LD_RUNPATH_SEARCH_PATHS = "$(inherited) @executable_path/Frameworks @loader_path/Frameworks";
				PRODUCT_BUNDLE_IDENTIFIER = MCH.MorseCodeHackUITests;
				PRODUCT_NAME = "$(TARGET_NAME)";
				TEST_TARGET_NAME = MorseCodeHack;
				USES_XCTRUNNER = YES;
			};
			name = Release;
		};
/* End XCBuildConfiguration section */

/* Begin XCConfigurationList section */
		32A277FF1BA1EB9200A04934 /* Build configuration list for PBXProject "MorseCodeHack" */ = {
			isa = XCConfigurationList;
			buildConfigurations = (
				32A278471BA1EB9300A04934 /* Debug */,
				32A278481BA1EB9300A04934 /* Release */,
			);
			defaultConfigurationIsVisible = 0;
			defaultConfigurationName = Release;
		};
		32A278491BA1EB9300A04934 /* Build configuration list for PBXNativeTarget "MorseCodeHack WatchKit Extension" */ = {
			isa = XCConfigurationList;
			buildConfigurations = (
				32A2784A1BA1EB9300A04934 /* Debug */,
				32A2784B1BA1EB9300A04934 /* Release */,
			);
			defaultConfigurationIsVisible = 0;
			defaultConfigurationName = Release;
		};
		32A2784D1BA1EB9300A04934 /* Build configuration list for PBXNativeTarget "MorseCodeHack WatchKit App" */ = {
			isa = XCConfigurationList;
			buildConfigurations = (
				32A2784E1BA1EB9300A04934 /* Debug */,
				32A2784F1BA1EB9300A04934 /* Release */,
			);
			defaultConfigurationIsVisible = 0;
			defaultConfigurationName = Release;
		};
		32A278511BA1EB9300A04934 /* Build configuration list for PBXNativeTarget "MorseCodeHack" */ = {
			isa = XCConfigurationList;
			buildConfigurations = (
				32A278521BA1EB9300A04934 /* Debug */,
				32A278531BA1EB9300A04934 /* Release */,
			);
			defaultConfigurationIsVisible = 0;
			defaultConfigurationName = Release;
		};
		32A278541BA1EB9300A04934 /* Build configuration list for PBXNativeTarget "MorseCodeHackTests" */ = {
			isa = XCConfigurationList;
			buildConfigurations = (
				32A278551BA1EB9300A04934 /* Debug */,
				32A278561BA1EB9300A04934 /* Release */,
			);
			defaultConfigurationIsVisible = 0;
			defaultConfigurationName = Release;
		};
		32A278571BA1EB9300A04934 /* Build configuration list for PBXNativeTarget "MorseCodeHackUITests" */ = {
			isa = XCConfigurationList;
			buildConfigurations = (
				32A278581BA1EB9300A04934 /* Debug */,
				32A278591BA1EB9300A04934 /* Release */,
			);
			defaultConfigurationIsVisible = 0;
			defaultConfigurationName = Release;
		};
/* End XCConfigurationList section */
	};
	rootObject = 32A277FC1BA1EB9200A04934 /* Project object */;
}
